
Microsoft Visual Studio Solution File, Format Version 12.00
# Visual Studio Version 17
VisualStudioVersion = 17.7.34202.233
MinimumVisualStudioVersion = 10.0.40219.1
Project("{FAE04EC0-301F-11D3-BF4B-00C04F79EFBC}") = "LeBaoNhu_KtraFE", "LeBaoNhu_KtraFE\LeBaoNhu_KtraFE.csproj", "{B4A10ACF-5A99-4DD4-82F6-5C1BBDCCE1F4}"
EndProject
Global
	GlobalSection(SolutionConfigurationPlatforms) = preSolution
		Debug|Any CPU = Debug|Any CPU
		Release|Any CPU = Release|Any CPU
	EndGlobalSection
	GlobalSection(ProjectConfigurationPlatforms) = postSolution
		{B4A10ACF-5A99-4DD4-82F6-5C1BBDCCE1F4}.Debug|Any CPU.ActiveCfg = Debug|Any CPU
		{B4A10ACF-5A99-4DD4-82F6-5C1BBDCCE1F4}.Debug|Any CPU.Build.0 = Debug|Any CPU
		{B4A10ACF-5A99-4DD4-82F6-5C1BBDCCE1F4}.Release|Any CPU.ActiveCfg = Release|Any CPU
		{B4A10ACF-5A99-4DD4-82F6-5C1BBDCCE1F4}.Release|Any CPU.Build.0 = Release|Any CPU
	EndGlobalSection
	GlobalSection(SolutionProperties) = preSolution
		HideSolutionNode = FALSE
	EndGlobalSection
	GlobalSection(ExtensibilityGlobals) = postSolution
		SolutionGuid = {E0554567-73C3-45C3-AF17-2401783A2DC3}
	EndGlobalSection
EndGlobal
